
Microsoft Visual Studio Solution File, Format Version 12.00
# Visual Studio Version 16
VisualStudioVersion = 16.0.29519.181
MinimumVisualStudioVersion = 10.0.40219.1
Project("{9A19103F-16F7-4668-BE54-9A1E7A4F7556}") = "Predicate.Parser", "src\Predicate.Parser\Predicate.Parser.csproj", "{EF9452E7-A6DF-49B1-8C06-7CA4B9CFC4F6}"
EndProject
Project("{FAE04EC0-301F-11D3-BF4B-00C04F79EFBC}") = "Predicate.Evaluator", "src\Predicate.Evaluator\Predicate.Evaluator.csproj", "{FC608C01-E2CB-4C7D-BDF7-F79E559F02F3}"
EndProject
Project("{2150E333-8FDC-42A3-9474-1A3956D46DE8}") = "tests", "tests", "{2200ACD5-B0CF-43B7-A64E-F2A9DD602E6C}"
EndProject
Project("{FAE04EC0-301F-11D3-BF4B-00C04F79EFBC}") = "Predicate.Evaluator.Acceptance.Tests", "tests\Predicate.Evaluator.Acceptance.Tests\Predicate.Evaluator.Acceptance.Tests.csproj", "{E2A18A07-1575-423F-8C68-E67B47580D54}"
EndProject
Global
	GlobalSection(SolutionConfigurationPlatforms) = preSolution
		Debug|Any CPU = Debug|Any CPU
		Release|Any CPU = Release|Any CPU
	EndGlobalSection
	GlobalSection(ProjectConfigurationPlatforms) = postSolution
		{EF9452E7-A6DF-49B1-8C06-7CA4B9CFC4F6}.Debug|Any CPU.ActiveCfg = Debug|Any CPU
		{EF9452E7-A6DF-49B1-8C06-7CA4B9CFC4F6}.Debug|Any CPU.Build.0 = Debug|Any CPU
		{EF9452E7-A6DF-49B1-8C06-7CA4B9CFC4F6}.Release|Any CPU.ActiveCfg = Release|Any CPU
		{EF9452E7-A6DF-49B1-8C06-7CA4B9CFC4F6}.Release|Any CPU.Build.0 = Release|Any CPU
		{FC608C01-E2CB-4C7D-BDF7-F79E559F02F3}.Debug|Any CPU.ActiveCfg = Debug|Any CPU
		{FC608C01-E2CB-4C7D-BDF7-F79E559F02F3}.Debug|Any CPU.Build.0 = Debug|Any CPU
		{FC608C01-E2CB-4C7D-BDF7-F79E559F02F3}.Release|Any CPU.ActiveCfg = Release|Any CPU
		{FC608C01-E2CB-4C7D-BDF7-F79E559F02F3}.Release|Any CPU.Build.0 = Release|Any CPU
		{E2A18A07-1575-423F-8C68-E67B47580D54}.Debug|Any CPU.ActiveCfg = Debug|Any CPU
		{E2A18A07-1575-423F-8C68-E67B47580D54}.Debug|Any CPU.Build.0 = Debug|Any CPU
		{E2A18A07-1575-423F-8C68-E67B47580D54}.Release|Any CPU.ActiveCfg = Release|Any CPU
		{E2A18A07-1575-423F-8C68-E67B47580D54}.Release|Any CPU.Build.0 = Release|Any CPU
	EndGlobalSection
	GlobalSection(SolutionProperties) = preSolution
		HideSolutionNode = FALSE
	EndGlobalSection
	GlobalSection(NestedProjects) = preSolution
		{E2A18A07-1575-423F-8C68-E67B47580D54} = {2200ACD5-B0CF-43B7-A64E-F2A9DD602E6C}
	EndGlobalSection
	GlobalSection(ExtensibilityGlobals) = postSolution
		SolutionGuid = {CDC2D5A7-DDC8-445B-AC15-824012FE03EE}
	EndGlobalSection
EndGlobal
